
Microsoft Visual Studio Solution File, Format Version 12.00
# Visual Studio 14
VisualStudioVersion = 14.0.24720.0
MinimumVisualStudioVersion = 10.0.40219.1
Project("{2150E333-8FDC-42A3-9474-1A3956D46DE8}") = "src", "src", "{0BF7CACF-DE5D-4868-B055-63F2BD8E77E8}"
EndProject
Project("{2150E333-8FDC-42A3-9474-1A3956D46DE8}") = "Solution Items", "Solution Items", "{DE063DF0-32E6-4746-9DF8-7314F32A7E83}"
	ProjectSection(SolutionItems) = preProject
		global.json = global.json
	EndProjectSection
EndProject
Project("{8BB2217D-0F2D-49D1-97BC-3654ED321F3B}") = "ProductServiceRestAPI", "src\ProductServiceRestAPI\ProductServiceRestAPI.xproj", "{95FCAF59-126E-4802-AF70-BC3EE301FBC6}"
EndProject
Global
	GlobalSection(SolutionConfigurationPlatforms) = preSolution
		Debug|Any CPU = Debug|Any CPU
		Release|Any CPU = Release|Any CPU
	EndGlobalSection
	GlobalSection(ProjectConfigurationPlatforms) = postSolution
		{95FCAF59-126E-4802-AF70-BC3EE301FBC6}.Debug|Any CPU.ActiveCfg = Debug|Any CPU
		{95FCAF59-126E-4802-AF70-BC3EE301FBC6}.Debug|Any CPU.Build.0 = Debug|Any CPU
		{95FCAF59-126E-4802-AF70-BC3EE301FBC6}.Release|Any CPU.ActiveCfg = Release|Any CPU
		{95FCAF59-126E-4802-AF70-BC3EE301FBC6}.Release|Any CPU.Build.0 = Release|Any CPU
	EndGlobalSection
	GlobalSection(SolutionProperties) = preSolution
		HideSolutionNode = FALSE
	EndGlobalSection
	GlobalSection(NestedProjects) = preSolution
		{95FCAF59-126E-4802-AF70-BC3EE301FBC6} = {0BF7CACF-DE5D-4868-B055-63F2BD8E77E8}
	EndGlobalSection
EndGlobal
